version = 1
revision = 3
requires-python = "==3.13.14"

[[package]]
name = "certifi"
version = "2026.7.22"
source = { registry = "https://pypi.org/simple" }
sdist = { url = "https://files.pythonhosted.org/packages/a3/c2/24167ea9858356b47a87a50d39908bfdb72ceeefe0041586e704e5376b3a/certifi-2026.7.22.tar.gz", hash = "sha256:741e2c3b351ddf169a738da9f2c048608ff7f2c5cc02f1ebc6b118bb090d5d55", size = 138112, upload-time = "2026-07-22T03:35:12.644Z" }
wheels = [
    { url = "https://files.pythonhosted.org/packages/0b/a7/71ac2cff56fec219ed242bb11b8efb69fcc4bec75db06fb7bfe35de520e6/certifi-2026.7.22-py3-none-any.whl", hash = "sha256:62f22742b58a1a33014a2b6b706588a8d7e2a88ae7bd1a6ebe8c992928483775", size = 136983, upload-time = "2026-07-22T03:35:11.276Z" },
]

[[package]]
name = "mapbox-vector-tile"
version = "2.2.0"
source = { registry = "https://pypi.org/simple" }
dependencies = [
    { name = "protobuf" },
    { name = "pyclipper" },
    { name = "shapely" },
]
sdist = { url = "https://files.pythonhosted.org/packages/e9/e0/b511bd7433105d363f37bb83f00a6e15502b04ebcec68c25e3da630d2b53/mapbox_vector_tile-2.2.0.tar.gz", hash = "sha256:9fbf2e94890429ccdaf8e047019dccadd9deb03f5b2ae9b5c5561d27a20a0eb3", size = 26038, upload-time = "2025-07-08T02:20:09.532Z" }
wheels = [
    { url = "https://files.pythonhosted.org/packages/50/79/cb2a50533c9c3b545eace2deffba0d002b56713c68b26b6ac1e53a4c1d18/mapbox_vector_tile-2.2.0-py3-none-any.whl", hash = "sha256:d26ad320ade60cc6c0b66edc6ee4b6f53663aedf0b444b115c6ba68e9ba1e6d1", size = 23986, upload-time = "2025-07-08T02:20:08.415Z" },
]

[[package]]
name = "numpy"
version = "2.3.3"
source = { registry = "https://pypi.org/simple" }
sdist = { url = "https://files.pythonhosted.org/packages/d0/19/95b3d357407220ed24c139018d2518fab0a61a948e68286a25f1a4d049ff/numpy-2.3.3.tar.gz", hash = "sha256:ddc7c39727ba62b80dfdbedf400d1c10ddfa8eefbd7ec8dcb118be8b56d31029", size = 20576648, upload-time = "2025-09-09T16:54:12.543Z" }
wheels = [
    { url = "https://files.pythonhosted.org/packages/7d/b9/984c2b1ee61a8b803bf63582b4ac4242cf76e2dbd663efeafcb620cc0ccb/numpy-2.3.3-cp313-cp313-macosx_10_13_x86_64.whl", hash = "sha256:f5415fb78995644253370985342cd03572ef8620b934da27d77377a2285955bf", size = 20949588, upload-time = "2025-09-09T15:56:59.087Z" },
    { url = "https://files.pythonhosted.org/packages/a6/e4/07970e3bed0b1384d22af1e9912527ecbeb47d3b26e9b6a3bced068b3bea/numpy-2.3.3-cp313-cp313-macosx_11_0_arm64.whl", hash = "sha256:d00de139a3324e26ed5b95870ce63be7ec7352171bc69a4cf1f157a48e3eb6b7", size = 14177802, upload-time = "2025-09-09T15:57:01.73Z" },
    { url = "https://files.pythonhosted.org/packages/35/c7/477a83887f9de61f1203bad89cf208b7c19cc9fef0cebef65d5a1a0619f2/numpy-2.3.3-cp313-cp313-macosx_14_0_arm64.whl", hash = "sha256:9dc13c6a5829610cc07422bc74d3ac083bd8323f14e2827d992f9e52e22cd6a6", size = 5106537, upload-time = "2025-09-09T15:57:03.765Z" },
    { url = "https://files.pythonhosted.org/packages/52/47/93b953bd5866a6f6986344d045a207d3f1cfbad99db29f534ea9cee5108c/numpy-2.3.3-cp313-cp313-macosx_14_0_x86_64.whl", hash = "sha256:d79715d95f1894771eb4e60fb23f065663b2298f7d22945d66877aadf33d00c7", size = 6640743, upload-time = "2025-09-09T15:57:07.921Z" },
    { url = "https://files.pythonhosted.org/packages/23/83/377f84aaeb800b64c0ef4de58b08769e782edcefa4fea712910b6f0afd3c/numpy-2.3.3-cp313-cp313-manylinux_2_27_aarch64.manylinux_2_28_aarch64.whl", hash = "sha256:952cfd0748514ea7c3afc729a0fc639e61655ce4c55ab9acfab14bda4f402b4c", size = 14278881, upload-time = "2025-09-09T15:57:11.349Z" },
    { url = "https://files.pythonhosted.org/packages/9a/a5/bf3db6e66c4b160d6ea10b534c381a1955dfab34cb1017ea93aa33c70ed3/numpy-2.3.3-cp313-cp313-manylinux_2_27_x86_64.manylinux_2_28_x86_64.whl", hash = "sha256:5b83648633d46f77039c29078751f80da65aa64d5622a3cd62aaef9d835b6c93", size = 16636301, upload-time = "2025-09-09T15:57:14.245Z" },
    { url = "https://files.pythonhosted.org/packages/a2/59/1287924242eb4fa3f9b3a2c30400f2e17eb2707020d1c5e3086fe7330717/numpy-2.3.3-cp313-cp313-musllinux_1_2_aarch64.whl", hash = "sha256:b001bae8cea1c7dfdb2ae2b017ed0a6f2102d7a70059df1e338e307a4c78a8ae", size = 16053645, upload-time = "2025-09-09T15:57:16.534Z" },
    { url = "https://files.pythonhosted.org/packages/e6/93/b3d47ed882027c35e94ac2320c37e452a549f582a5e801f2d34b56973c97/numpy-2.3.3-cp313-cp313-musllinux_1_2_x86_64.whl", hash = "sha256:8e9aced64054739037d42fb84c54dd38b81ee238816c948c8f3ed134665dcd86", size = 18578179, upload-time = "2025-09-09T15:57:18.883Z" },
    { url = "https://files.pythonhosted.org/packages/20/d9/487a2bccbf7cc9d4bfc5f0f197761a5ef27ba870f1e3bbb9afc4bbe3fcc2/numpy-2.3.3-cp313-cp313-win32.whl", hash = "sha256:9591e1221db3f37751e6442850429b3aabf7026d3b05542d102944ca7f00c8a8", size = 6312250, upload-time = "2025-09-09T15:57:21.296Z" },
    { url = "https://files.pythonhosted.org/packages/1b/b5/263ebbbbcede85028f30047eab3d58028d7ebe389d6493fc95ae66c636ab/numpy-2.3.3-cp313-cp313-win_amd64.whl", hash = "sha256:f0dadeb302887f07431910f67a14d57209ed91130be0adea2f9793f1a4f817cf", size = 12783269, upload-time = "2025-09-09T15:57:23.034Z" },
    { url = "https://files.pythonhosted.org/packages/fa/75/67b8ca554bbeaaeb3fac2e8bce46967a5a06544c9108ec0cf5cece559b6c/numpy-2.3.3-cp313-cp313-win_arm64.whl", hash = "sha256:3c7cf302ac6e0b76a64c4aecf1a09e51abd9b01fc7feee80f6c43e3ab1b1dbc5", size = 10195314, upload-time = "2025-09-09T15:57:25.045Z" },
    { url = "https://files.pythonhosted.org/packages/11/d0/0d1ddec56b162042ddfafeeb293bac672de9b0cfd688383590090963720a/numpy-2.3.3-cp313-cp313t-macosx_10_13_x86_64.whl", hash = "sha256:eda59e44957d272846bb407aad19f89dc6f58fecf3504bd144f4c5cf81a7eacc", size = 21048025, upload-time = "2025-09-09T15:57:27.257Z" },
    { url = "https://files.pythonhosted.org/packages/36/9e/1996ca6b6d00415b6acbdd3c42f7f03ea256e2c3f158f80bd7436a8a19f3/numpy-2.3.3-cp313-cp313t-macosx_11_0_arm64.whl", hash = "sha256:823d04112bc85ef5c4fda73ba24e6096c8f869931405a80aa8b0e604510a26bc", size = 14301053, upload-time = "2025-09-09T15:57:30.077Z" },
    { url = "https://files.pythonhosted.org/packages/05/24/43da09aa764c68694b76e84b3d3f0c44cb7c18cdc1ba80e48b0ac1d2cd39/numpy-2.3.3-cp313-cp313t-macosx_14_0_arm64.whl", hash = "sha256:40051003e03db4041aa325da2a0971ba41cf65714e65d296397cc0e32de6018b", size = 5229444, upload-time = "2025-09-09T15:57:32.733Z" },
    { url = "https://files.pythonhosted.org/packages/bc/14/50ffb0f22f7218ef8af28dd089f79f68289a7a05a208db9a2c5dcbe123c1/numpy-2.3.3-cp313-cp313t-macosx_14_0_x86_64.whl", hash = "sha256:6ee9086235dd6ab7ae75aba5662f582a81ced49f0f1c6de4260a78d8f2d91a19", size = 6738039, upload-time = "2025-09-09T15:57:34.328Z" },
    { url = "https://files.pythonhosted.org/packages/55/52/af46ac0795e09657d45a7f4db961917314377edecf66db0e39fa7ab5c3d3/numpy-2.3.3-cp313-cp313t-manylinux_2_27_aarch64.manylinux_2_28_aarch64.whl", hash = "sha256:94fcaa68757c3e2e668ddadeaa86ab05499a70725811e582b6a9858dd472fb30", size = 14352314, upload-time = "2025-09-09T15:57:36.255Z" },
    { url = "https://files.pythonhosted.org/packages/a7/b1/dc226b4c90eb9f07a3fff95c2f0db3268e2e54e5cce97c4ac91518aee71b/numpy-2.3.3-cp313-cp313t-manylinux_2_27_x86_64.manylinux_2_28_x86_64.whl", hash = "sha256:da1a74b90e7483d6ce5244053399a614b1d6b7bc30a60d2f570e5071f8959d3e", size = 16701722, upload-time = "2025-09-09T15:57:38.622Z" },
    { url = "https://files.pythonhosted.org/packages/9d/9d/9d8d358f2eb5eced14dba99f110d83b5cd9a4460895230f3b396ad19a323/numpy-2.3.3-cp313-cp313t-musllinux_1_2_aarch64.whl", hash = "sha256:2990adf06d1ecee3b3dcbb4977dfab6e9f09807598d647f04d385d29e7a3c3d3", size = 16132755, upload-time = "2025-09-09T15:57:41.16Z" },
    { url = "https://files.pythonhosted.org/packages/b6/27/b3922660c45513f9377b3fb42240bec63f203c71416093476ec9aa0719dc/numpy-2.3.3-cp313-cp313t-musllinux_1_2_x86_64.whl", hash = "sha256:ed635ff692483b8e3f0fcaa8e7eb8a75ee71aa6d975388224f70821421800cea", size = 18651560, upload-time = "2025-09-09T15:57:43.459Z" },
    { url = "https://files.pythonhosted.org/packages/5b/8e/3ab61a730bdbbc201bb245a71102aa609f0008b9ed15255500a99cd7f780/numpy-2.3.3-cp313-cp313t-win32.whl", hash = "sha256:a333b4ed33d8dc2b373cc955ca57babc00cd6f9009991d9edc5ddbc1bac36bcd", size = 6442776, upload-time = "2025-09-09T15:57:45.793Z" },
    { url = "https://files.pythonhosted.org/packages/1c/3a/e22b766b11f6030dc2decdeff5c2fb1610768055603f9f3be88b6d192fb2/numpy-2.3.3-cp313-cp313t-win_amd64.whl", hash = "sha256:4384a169c4d8f97195980815d6fcad04933a7e1ab3b530921c3fef7a1c63426d", size = 12927281, upload-time = "2025-09-09T15:57:47.492Z" },
    { url = "https://files.pythonhosted.org/packages/7b/42/c2e2bc48c5e9b2a83423f99733950fbefd86f165b468a3d85d52b30bf782/numpy-2.3.3-cp313-cp313t-win_arm64.whl", hash = "sha256:75370986cc0bc66f4ce5110ad35aae6d182cc4ce6433c40ad151f53690130bf1", size = 10265275, upload-time = "2025-09-09T15:57:49.647Z" },
]

[[package]]
name = "open-outdoor-data"
version = "0.1.0"
source = { editable = "." }

[package.dev-dependencies]
geometry = [
    { name = "numpy" },
    { name = "pyproj" },
    { name = "shapely" },
]
gis = [
    { name = "numpy" },
    { name = "pyogrio" },
    { name = "pyproj" },
    { name = "pyshp" },
    { name = "shapely" },
]
loader = [
    { name = "mapbox-vector-tile" },
    { name = "numpy" },
    { name = "pmtiles" },
    { name = "pyproj" },
    { name = "shapely" },
]

[package.metadata]

[package.metadata.requires-dev]
geometry = [
    { name = "numpy", specifier = "==2.3.3" },
    { name = "pyproj", specifier = "==3.7.2" },
    { name = "shapely", specifier = "==2.1.2" },
]
gis = [
    { name = "numpy", specifier = "==2.3.3" },
    { name = "pyogrio", specifier = "==0.11.1" },
    { name = "pyproj", specifier = "==3.7.2" },
    { name = "pyshp", specifier = "==2.3.1" },
    { name = "shapely", specifier = "==2.1.2" },
]
loader = [
    { name = "mapbox-vector-tile", specifier = "==2.2.0" },
    { name = "numpy", specifier = "==2.3.3" },
    { name = "pmtiles", specifier = "==3.7.0" },
    { name = "pyproj", specifier = "==3.7.2" },
    { name = "shapely", specifier = "==2.1.2" },
]

[[package]]
name = "packaging"
version = "26.3"
source = { registry = "https://pypi.org/simple" }
sdist = { url = "https://files.pythonhosted.org/packages/7d/fa/3944b40b07da9ce895c0e6303a5ab7d53da063554f534556b134a54d6093/packaging-26.3.tar.gz", hash = "sha256:94edc256424af38762eb31306eed28beb9f0efc50a8837492c9d6fd6004aed79", size = 313412, upload-time = "2026-08-04T18:15:28.737Z" }
wheels = [
    { url = "https://files.pythonhosted.org/packages/63/34/ba1c580383c9eada3711951fef0795c80b829a078d72188184bcab9dd527/packaging-26.3-py3-none-any.whl", hash = "sha256:d7193f7c8e4e93f444fde0262bf90af30e16fa0ad0ad44cb553c87339b23cd1c", size = 129956, upload-time = "2026-08-04T18:15:27.159Z" },
]

[[package]]
name = "pmtiles"
version = "3.7.0"
source = { registry = "https://pypi.org/simple" }
sdist = { url = "https://files.pythonhosted.org/packages/16/3e/47e371add5ba09615c95c5ef72d8c3be471819d6dce07bae26c8e15d0687/pmtiles-3.7.0.tar.gz", hash = "sha256:ed8b04d550d104c81a759c9cc07bfc5743750f62e751f840425f4b9f4bb903df", size = 14582, upload-time = "2026-02-10T16:00:22Z" }
wheels = [
    { url = "https://files.pythonhosted.org/packages/d6/de/c0f177fd73818e0d671903ed986d4541674b0fad4365c7ecfd5a0af23a6d/pmtiles-3.7.0-py3-none-any.whl", hash = "sha256:d1a7a7a166ce3c5c8756cc2c8e4b0aa55e3d854fbd4517c963de16c39b631b14", size = 16848, upload-time = "2026-02-10T16:00:20.925Z" },
]

[[package]]
name = "protobuf"
version = "6.33.6"
source = { registry = "https://pypi.org/simple" }
sdist = { url = "https://files.pythonhosted.org/packages/66/70/e908e9c5e52ef7c3a6c7902c9dfbb34c7e29c25d2f81ade3856445fd5c94/protobuf-6.33.6.tar.gz", hash = "sha256:a6768d25248312c297558af96a9f9c929e8c4cee0659cb07e780731095f38135", size = 444531, upload-time = "2026-03-18T19:05:00.988Z" }
wheels = [
    { url = "https://files.pythonhosted.org/packages/fc/9f/2f509339e89cfa6f6a4c4ff50438db9ca488dec341f7e454adad60150b00/protobuf-6.33.6-cp310-abi3-win32.whl", hash = "sha256:7d29d9b65f8afef196f8334e80d6bc1d5d4adedb449971fefd3723824e6e77d3", size = 425739, upload-time = "2026-03-18T19:04:48.373Z" },
    { url = "https://files.pythonhosted.org/packages/76/5d/683efcd4798e0030c1bab27374fd13a89f7c2515fb1f3123efdfaa5eab57/protobuf-6.33.6-cp310-abi3-win_amd64.whl", hash = "sha256:0cd27b587afca21b7cfa59a74dcbd48a50f0a6400cfb59391340ad729d91d326", size = 437089, upload-time = "2026-03-18T19:04:50.381Z" },
    { url = "https://files.pythonhosted.org/packages/5c/01/a3c3ed5cd186f39e7880f8303cc51385a198a81469d53d0fdecf1f64d929/protobuf-6.33.6-cp39-abi3-macosx_10_9_universal2.whl", hash = "sha256:9720e6961b251bde64edfdab7d500725a2af5280f3f4c87e57c0208376aa8c3a", size = 427737, upload-time = "2026-03-18T19:04:51.866Z" },
    { url = "https://files.pythonhosted.org/packages/ee/90/b3c01fdec7d2f627b3a6884243ba328c1217ed2d978def5c12dc50d328a3/protobuf-6.33.6-cp39-abi3-manylinux2014_aarch64.whl", hash = "sha256:e2afbae9b8e1825e3529f88d514754e094278bb95eadc0e199751cdd9a2e82a2", size = 324610, upload-time = "2026-03-18T19:04:53.096Z" },
    { url = "https://files.pythonhosted.org/packages/9b/ca/25afc144934014700c52e05103c2421997482d561f3101ff352e1292fb81/protobuf-6.33.6-cp39-abi3-manylinux2014_s390x.whl", hash = "sha256:c96c37eec15086b79762ed265d59ab204dabc53056e3443e702d2681f4b39ce3", size = 339381, upload-time = "2026-03-18T19:04:54.616Z" },
    { url = "https://files.pythonhosted.org/packages/16/92/d1e32e3e0d894fe00b15ce28ad4944ab692713f2e7f0a99787405e43533a/protobuf-6.33.6-cp39-abi3-manylinux2014_x86_64.whl", hash = "sha256:e9db7e292e0ab79dd108d7f1a94fe31601ce1ee3f7b79e0692043423020b0593", size = 323436, upload-time = "2026-03-18T19:04:55.768Z" },
    { url = "https://files.pythonhosted.org/packages/c4/72/02445137af02769918a93807b2b7890047c32bfb9f90371cbc12688819eb/protobuf-6.33.6-py3-none-any.whl", hash = "sha256:77179e006c476e69bf8e8ce866640091ec42e1beb80b213c3900006ecfba6901", size = 170656, upload-time = "2026-03-18T19:04:59.826Z" },
]

[[package]]
name = "pyclipper"
version = "1.4.0"
source = { registry = "https://pypi.org/simple" }
sdist = { url = "https://files.pythonhosted.org/packages/f6/21/3c06205bb407e1f79b73b7b4dfb3950bd9537c4f625a68ab5cc41177f5bc/pyclipper-1.4.0.tar.gz", hash = "sha256:9882bd889f27da78add4dd6f881d25697efc740bf840274e749988d25496c8e1", size = 54489, upload-time = "2025-12-01T13:15:35.015Z" }
wheels = [
    { url = "https://files.pythonhosted.org/packages/67/d0/cbce7d47de1e6458f66a4d999b091640134deb8f2c7351eab993b70d2e10/pyclipper-1.4.0-cp313-cp313-macosx_10_13_universal2.whl", hash = "sha256:d49df13cbb2627ccb13a1046f3ea6ebf7177b5504ec61bdef87d6a704046fd6e", size = 264342, upload-time = "2025-12-01T13:15:12.697Z" },
    { url = "https://files.pythonhosted.org/packages/ce/cc/742b9d69d96c58ac156947e1b56d0f81cbacbccf869e2ac7229f2f86dc4e/pyclipper-1.4.0-cp313-cp313-macosx_10_13_x86_64.whl", hash = "sha256:37bfec361e174110cdddffd5ecd070a8064015c99383d95eb692c253951eee8a", size = 139839, upload-time = "2025-12-01T13:15:13.911Z" },
    { url = "https://files.pythonhosted.org/packages/db/48/dd301d62c1529efdd721b47b9e5fb52120fcdac5f4d3405cfc0d2f391414/pyclipper-1.4.0-cp313-cp313-manylinux2014_x86_64.manylinux_2_17_x86_64.whl", hash = "sha256:14c8bdb5a72004b721c4e6f448d2c2262d74a7f0c9e3076aeff41e564a92389f", size = 972142, upload-time = "2025-12-01T13:15:15.477Z" },
    { url = "https://files.pythonhosted.org/packages/07/bf/d493fd1b33bb090fa64e28c1009374d5d72fa705f9331cd56517c35e381e/pyclipper-1.4.0-cp313-cp313-manylinux_2_24_aarch64.manylinux_2_28_aarch64.whl", hash = "sha256:f2a50c22c3a78cb4e48347ecf06930f61ce98cf9252f2e292aa025471e9d75b1", size = 952789, upload-time = "2025-12-01T13:15:17.042Z" },
    { url = "https://files.pythonhosted.org/packages/cf/88/b95ea8ea21ddca34aa14b123226a81526dd2faaa993f9aabd3ed21231604/pyclipper-1.4.0-cp313-cp313-win32.whl", hash = "sha256:c9a3faa416ff536cee93417a72bfb690d9dea136dc39a39dbbe1e5dadf108c9c", size = 94817, upload-time = "2025-12-01T13:15:18.724Z" },
    { url = "https://files.pythonhosted.org/packages/ba/42/0a1920d276a0e1ca21dc0d13ee9e3ba10a9a8aa3abac76cd5e5a9f503306/pyclipper-1.4.0-cp313-cp313-win_amd64.whl", hash = "sha256:d4b2d7c41086f1927d14947c563dfc7beed2f6c0d9af13c42fe3dcdc20d35832", size = 104007, upload-time = "2025-12-01T13:15:19.763Z" },
]

[[package]]
name = "pyogrio"
version = "0.11.1"
source = { registry = "https://pypi.org/simple" }
dependencies = [
    { name = "certifi" },
    { name = "numpy" },
    { name = "packaging" },
]
sdist = { url = "https://files.pythonhosted.org/packages/bf/1d/ae0340237207664e2da1b77f2cdbcb5f81fd0fc9f3200a48ca993a5e12ef/pyogrio-0.11.1.tar.gz", hash = "sha256:e1441dc9c866f10d8e6ae7ea9249a10c1f57ea921b1f19a5b0977ab91ef8082c", size = 287267, upload-time = "2025-08-02T20:19:20.167Z" }
wheels = [
    { url = "https://files.pythonhosted.org/packages/f2/68/86328e36d010ee565ce0c65cdf9b830afcb1fb5972f537fe1cc561a49247/pyogrio-0.11.1-cp313-cp313-macosx_12_0_arm64.whl", hash = "sha256:3b368c597357ff262f3b46591ded86409462ee594ef42556708b090d121f873c", size = 19445347, upload-time = "2025-08-02T20:18:51.088Z" },
    { url = "https://files.pythonhosted.org/packages/20/bc/34bd87641fc2ecc6d842d6d758bbaa8d58aea4d36aa6a1111cbc9d450e74/pyogrio-0.11.1-cp313-cp313-macosx_12_0_x86_64.whl", hash = "sha256:1cb82cfd3493f32396e9c3f9255e17885610f62a323870947f4e04dd59bc3595", size = 20630594, upload-time = "2025-08-02T20:18:53.176Z" },
    { url = "https://files.pythonhosted.org/packages/68/9a/41b72ffa3e21354eb9afbbae855c86b94dbf06b22e89c16a807cc8b22bd2/pyogrio-0.11.1-cp313-cp313-manylinux_2_17_x86_64.manylinux2014_x86_64.whl", hash = "sha256:5d61aae22e67030fd354f03e21c6462537bf56160134dd8663709335a5a46b28", size = 26929440, upload-time = "2025-08-02T20:18:55.614Z" },
    { url = "https://files.pythonhosted.org/packages/42/dd/c968c49a2e9b7c219eac0cc504241c21ef789f1f1b34d33780508cea9764/pyogrio-0.11.1-cp313-cp313-manylinux_2_28_aarch64.whl", hash = "sha256:76150a3cd787c31628191c7abc6f8c796660125852fb65ae15dd7be1e9196816", size = 26433178, upload-time = "2025-08-02T20:18:58.274Z" },
    { url = "https://files.pythonhosted.org/packages/89/a9/79eca15094f7806a3adcf0bb976ab4346b0fb1bd87956c1933df44546c14/pyogrio-0.11.1-cp313-cp313-manylinux_2_28_x86_64.whl", hash = "sha256:e929452f6988c0365dd32ff2485d9488160a709fee28743abbbc18d663169ed0", size = 27616835, upload-time = "2025-08-02T20:19:01.112Z" },
    { url = "https://files.pythonhosted.org/packages/2b/f3/7722bc81e9eee39b528c1cbc6289a26d2d3b1b187491ed8493457d6a3a0e/pyogrio-0.11.1-cp313-cp313-win_amd64.whl", hash = "sha256:d6d56862b89a05fccd7211171c88806b6ec9b5effb79bf807cce0a57c1f2a606", size = 19219088, upload-time = "2025-08-02T20:19:03.732Z" },
]

[[package]]
name = "pyproj"
version = "3.7.2"
source = { registry = "https://pypi.org/simple" }
dependencies = [
    { name = "certifi" },
]
sdist = { url = "https://files.pythonhosted.org/packages/04/90/67bd7260b4ea9b8b20b4f58afef6c223ecb3abf368eb4ec5bc2cdef81b49/pyproj-3.7.2.tar.gz", hash = "sha256:39a0cf1ecc7e282d1d30f36594ebd55c9fae1fda8a2622cee5d100430628f88c", size = 226279, upload-time = "2025-08-14T12:05:42.18Z" }
wheels = [
    { url = "https://files.pythonhosted.org/packages/be/14/faf1b90d267cea68d7e70662e7f88cefdb1bc890bd596c74b959e0517a72/pyproj-3.7.2-cp313-cp313-macosx_13_0_x86_64.whl", hash = "sha256:19466e529b1b15eeefdf8ff26b06fa745856c044f2f77bf0edbae94078c1dfa1", size = 6214580, upload-time = "2025-08-14T12:04:28.804Z" },
    { url = "https://files.pythonhosted.org/packages/35/48/da9a45b184d375f62667f62eba0ca68569b0bd980a0bb7ffcc1d50440520/pyproj-3.7.2-cp313-cp313-macosx_14_0_arm64.whl", hash = "sha256:c79b9b84c4a626c5dc324c0d666be0bfcebd99f7538d66e8898c2444221b3da7", size = 4615388, upload-time = "2025-08-14T12:04:30.553Z" },
    { url = "https://files.pythonhosted.org/packages/5e/e7/d2b459a4a64bca328b712c1b544e109df88e5c800f7c143cfbc404d39bfb/pyproj-3.7.2-cp313-cp313-manylinux_2_28_aarch64.whl", hash = "sha256:ceecf374cacca317bc09e165db38ac548ee3cad07c3609442bd70311c59c21aa", size = 9628455, upload-time = "2025-08-14T12:04:32.435Z" },
    { url = "https://files.pythonhosted.org/packages/f8/85/c2b1706e51942de19076eff082f8495e57d5151364e78b5bef4af4a1d94a/pyproj-3.7.2-cp313-cp313-manylinux_2_28_x86_64.whl", hash = "sha256:5141a538ffdbe4bfd157421828bb2e07123a90a7a2d6f30fa1462abcfb5ce681", size = 9514269, upload-time = "2025-08-14T12:04:34.599Z" },
    { url = "https://files.pythonhosted.org/packages/34/38/07a9b89ae7467872f9a476883a5bad9e4f4d1219d31060f0f2b282276cbe/pyproj-3.7.2-cp313-cp313-musllinux_1_2_aarch64.whl", hash = "sha256:f000841e98ea99acbb7b8ca168d67773b0191de95187228a16110245c5d954d5", size = 10808437, upload-time = "2025-08-14T12:04:36.485Z" },
    { url = "https://files.pythonhosted.org/packages/12/56/fda1daeabbd39dec5b07f67233d09f31facb762587b498e6fc4572be9837/pyproj-3.7.2-cp313-cp313-musllinux_1_2_x86_64.whl", hash = "sha256:8115faf2597f281a42ab608ceac346b4eb1383d3b45ab474fd37341c4bf82a67", size = 10745540, upload-time = "2025-08-14T12:04:38.568Z" },
    { url = "https://files.pythonhosted.org/packages/0d/90/c793182cbba65a39a11db2ac6b479fe76c59e6509ae75e5744c344a0da9d/pyproj-3.7.2-cp313-cp313-win32.whl", hash = "sha256:f18c0579dd6be00b970cb1a6719197fceecc407515bab37da0066f0184aafdf3", size = 5896506, upload-time = "2025-08-14T12:04:41.059Z" },
    { url = "https://files.pythonhosted.org/packages/be/0f/747974129cf0d800906f81cd25efd098c96509026e454d4b66868779ab04/pyproj-3.7.2-cp313-cp313-win_amd64.whl", hash = "sha256:bb41c29d5f60854b1075853fe80c58950b398d4ebb404eb532536ac8d2834ed7", size = 6310195, upload-time = "2025-08-14T12:04:42.974Z" },
    { url = "https://files.pythonhosted.org/packages/82/64/fc7598a53172c4931ec6edf5228280663063150625d3f6423b4c20f9daff/pyproj-3.7.2-cp313-cp313-win_arm64.whl", hash = "sha256:2b617d573be4118c11cd96b8891a0b7f65778fa7733ed8ecdb297a447d439100", size = 6230748, upload-time = "2025-08-14T12:04:44.491Z" },
    { url = "https://files.pythonhosted.org/packages/aa/f0/611dd5cddb0d277f94b7af12981f56e1441bf8d22695065d4f0df5218498/pyproj-3.7.2-cp313-cp313t-macosx_13_0_x86_64.whl", hash = "sha256:d27b48f0e81beeaa2b4d60c516c3a1cfbb0c7ff6ef71256d8e9c07792f735279", size = 6241729, upload-time = "2025-08-14T12:04:46.274Z" },
    { url = "https://files.pythonhosted.org/packages/15/93/40bd4a6c523ff9965e480870611aed7eda5aa2c6128c6537345a2b77b542/pyproj-3.7.2-cp313-cp313t-macosx_14_0_arm64.whl", hash = "sha256:55a3610d75023c7b1c6e583e48ef8f62918e85a2ae81300569d9f104d6684bb6", size = 4652497, upload-time = "2025-08-14T12:04:48.203Z" },
    { url = "https://files.pythonhosted.org/packages/1b/ae/7150ead53c117880b35e0d37960d3138fe640a235feb9605cb9386f50bb0/pyproj-3.7.2-cp313-cp313t-manylinux_2_28_aarch64.whl", hash = "sha256:8d7349182fa622696787cc9e195508d2a41a64765da9b8a6bee846702b9e6220", size = 9942610, upload-time = "2025-08-14T12:04:49.652Z" },
    { url = "https://files.pythonhosted.org/packages/d8/17/7a4a7eafecf2b46ab64e5c08176c20ceb5844b503eaa551bf12ccac77322/pyproj-3.7.2-cp313-cp313t-manylinux_2_28_x86_64.whl", hash = "sha256:d230b186eb876ed4f29a7c5ee310144c3a0e44e89e55f65fb3607e13f6db337c", size = 9692390, upload-time = "2025-08-14T12:04:51.731Z" },
    { url = "https://files.pythonhosted.org/packages/c3/55/ae18f040f6410f0ea547a21ada7ef3e26e6c82befa125b303b02759c0e9d/pyproj-3.7.2-cp313-cp313t-musllinux_1_2_aarch64.whl", hash = "sha256:237499c7862c578d0369e2b8ac56eec550e391a025ff70e2af8417139dabb41c", size = 11047596, upload-time = "2025-08-14T12:04:53.748Z" },
    { url = "https://files.pythonhosted.org/packages/e6/2e/d3fff4d2909473f26ae799f9dda04caa322c417a51ff3b25763f7d03b233/pyproj-3.7.2-cp313-cp313t-musllinux_1_2_x86_64.whl", hash = "sha256:8c225f5978abd506fd9a78eaaf794435e823c9156091cabaab5374efb29d7f69", size = 10896975, upload-time = "2025-08-14T12:04:55.875Z" },
    { url = "https://files.pythonhosted.org/packages/f2/bc/8fc7d3963d87057b7b51ebe68c1e7c51c23129eee5072ba6b86558544a46/pyproj-3.7.2-cp313-cp313t-win32.whl", hash = "sha256:2da731876d27639ff9d2d81c151f6ab90a1546455fabd93368e753047be344a2", size = 5953057, upload-time = "2025-08-14T12:04:58.466Z" },
    { url = "https://files.pythonhosted.org/packages/cc/27/ea9809966cc47d2d51e6d5ae631ea895f7c7c7b9b3c29718f900a8f7d197/pyproj-3.7.2-cp313-cp313t-win_amd64.whl", hash = "sha256:f54d91ae18dd23b6c0ab48126d446820e725419da10617d86a1b69ada6d881d3", size = 6375414, upload-time = "2025-08-14T12:04:59.861Z" },
    { url = "https://files.pythonhosted.org/packages/5b/f8/1ef0129fba9a555c658e22af68989f35e7ba7b9136f25758809efec0cd6e/pyproj-3.7.2-cp313-cp313t-win_arm64.whl", hash = "sha256:fc52ba896cfc3214dc9f9ca3c0677a623e8fdd096b257c14a31e719d21ff3fdd", size = 6262501, upload-time = "2025-08-14T12:05:01.39Z" },
]

[[package]]
name = "pyshp"
version = "2.3.1"
source = { registry = "https://pypi.org/simple" }
sdist = { url = "https://files.pythonhosted.org/packages/63/9f/0dd21250c60375a532c35e89fad8d5e8a3f1a2e3f7c389ccc5a60b05263e/pyshp-2.3.1.tar.gz", hash = "sha256:4caec82fd8dd096feba8217858068bacb2a3b5950f43c048c6dc32a3489d5af1", size = 1731544, upload-time = "2022-07-27T19:51:28.409Z" }
wheels = [
    { url = "https://files.pythonhosted.org/packages/98/2f/68116db5b36b895c0450e3072b8cb6c2fac0359279b182ea97014d3c8ac0/pyshp-2.3.1-py2.py3-none-any.whl", hash = "sha256:67024c0ccdc352ba5db777c4e968483782dfa78f8e200672a90d2d30fd8b7b49", size = 46537, upload-time = "2022-07-27T19:51:26.34Z" },
]

[[package]]
name = "shapely"
version = "2.1.2"
source = { registry = "https://pypi.org/simple" }
dependencies = [
    { name = "numpy" },
]
sdist = { url = "https://files.pythonhosted.org/packages/4d/bc/0989043118a27cccb4e906a46b7565ce36ca7b57f5a18b78f4f1b0f72d9d/shapely-2.1.2.tar.gz", hash = "sha256:2ed4ecb28320a433db18a5bf029986aa8afcfd740745e78847e330d5d94922a9", size = 315489, upload-time = "2025-09-24T13:51:41.432Z" }
wheels = [
    { url = "https://files.pythonhosted.org/packages/c3/90/98ef257c23c46425dc4d1d31005ad7c8d649fe423a38b917db02c30f1f5a/shapely-2.1.2-cp313-cp313-macosx_10_13_x86_64.whl", hash = "sha256:b510dda1a3672d6879beb319bc7c5fd302c6c354584690973c838f46ec3e0fa8", size = 1832644, upload-time = "2025-09-24T13:50:44.886Z" },
    { url = "https://files.pythonhosted.org/packages/6d/ab/0bee5a830d209adcd3a01f2d4b70e587cdd9fd7380d5198c064091005af8/shapely-2.1.2-cp313-cp313-macosx_11_0_arm64.whl", hash = "sha256:8cff473e81017594d20ec55d86b54bc635544897e13a7cfc12e36909c5309a2a", size = 1642887, upload-time = "2025-09-24T13:50:46.735Z" },
    { url = "https://files.pythonhosted.org/packages/2d/5e/7d7f54ba960c13302584c73704d8c4d15404a51024631adb60b126a4ae88/shapely-2.1.2-cp313-cp313-manylinux2014_aarch64.manylinux_2_17_aarch64.whl", hash = "sha256:fe7b77dc63d707c09726b7908f575fc04ff1d1ad0f3fb92aec212396bc6cfe5e", size = 2970931, upload-time = "2025-09-24T13:50:48.374Z" },
    { url = "https://files.pythonhosted.org/packages/f2/a2/83fc37e2a58090e3d2ff79175a95493c664bcd0b653dd75cb9134645a4e5/shapely-2.1.2-cp313-cp313-manylinux2014_x86_64.manylinux_2_17_x86_64.whl", hash = "sha256:7ed1a5bbfb386ee8332713bf7508bc24e32d24b74fc9a7b9f8529a55db9f4ee6", size = 3082855, upload-time = "2025-09-24T13:50:50.037Z" },
    { url = "https://files.pythonhosted.org/packages/44/2b/578faf235a5b09f16b5f02833c53822294d7f21b242f8e2d0cf03fb64321/shapely-2.1.2-cp313-cp313-musllinux_1_2_aarch64.whl", hash = "sha256:a84e0582858d841d54355246ddfcbd1fce3179f185da7470f41ce39d001ee1af", size = 3979960, upload-time = "2025-09-24T13:50:51.74Z" },
    { url = "https://files.pythonhosted.org/packages/4d/04/167f096386120f692cc4ca02f75a17b961858997a95e67a3cb6a7bbd6b53/shapely-2.1.2-cp313-cp313-musllinux_1_2_x86_64.whl", hash = "sha256:dc3487447a43d42adcdf52d7ac73804f2312cbfa5d433a7d2c506dcab0033dfd", size = 4142851, upload-time = "2025-09-24T13:50:53.49Z" },
    { url = "https://files.pythonhosted.org/packages/48/74/fb402c5a6235d1c65a97348b48cdedb75fb19eca2b1d66d04969fc1c6091/shapely-2.1.2-cp313-cp313-win32.whl", hash = "sha256:9c3a3c648aedc9f99c09263b39f2d8252f199cb3ac154fadc173283d7d111350", size = 1541890, upload-time = "2025-09-24T13:50:55.337Z" },
    { url = "https://files.pythonhosted.org/packages/41/47/3647fe7ad990af60ad98b889657a976042c9988c2807cf322a9d6685f462/shapely-2.1.2-cp313-cp313-win_amd64.whl", hash = "sha256:ca2591bff6645c216695bdf1614fca9c82ea1144d4a7591a466fef64f28f0715", size = 1722151, upload-time = "2025-09-24T13:50:57.153Z" },
    { url = "https://files.pythonhosted.org/packages/3c/49/63953754faa51ffe7d8189bfbe9ca34def29f8c0e34c67cbe2a2795f269d/shapely-2.1.2-cp313-cp313t-macosx_10_13_x86_64.whl", hash = "sha256:2d93d23bdd2ed9dc157b46bc2f19b7da143ca8714464249bef6771c679d5ff40", size = 1834130, upload-time = "2025-09-24T13:50:58.49Z" },
    { url = "https://files.pythonhosted.org/packages/7f/ee/dce001c1984052970ff60eb4727164892fb2d08052c575042a47f5a9e88f/shapely-2.1.2-cp313-cp313t-macosx_11_0_arm64.whl", hash = "sha256:01d0d304b25634d60bd7cf291828119ab55a3bab87dc4af1e44b07fb225f188b", size = 1642802, upload-time = "2025-09-24T13:50:59.871Z" },
    { url = "https://files.pythonhosted.org/packages/da/e7/fc4e9a19929522877fa602f705706b96e78376afb7fad09cad5b9af1553c/shapely-2.1.2-cp313-cp313t-manylinux2014_aarch64.manylinux_2_17_aarch64.whl", hash = "sha256:8d8382dd120d64b03698b7298b89611a6ea6f55ada9d39942838b79c9bc89801", size = 3018460, upload-time = "2025-09-24T13:51:02.08Z" },
    { url = "https://files.pythonhosted.org/packages/a1/18/7519a25db21847b525696883ddc8e6a0ecaa36159ea88e0fef11466384d0/shapely-2.1.2-cp313-cp313t-manylinux2014_x86_64.manylinux_2_17_x86_64.whl", hash = "sha256:19efa3611eef966e776183e338b2d7ea43569ae99ab34f8d17c2c054d3205cc0", size = 3095223, upload-time = "2025-09-24T13:51:04.472Z" },
    { url = "https://files.pythonhosted.org/packages/48/de/b59a620b1f3a129c3fecc2737104a0a7e04e79335bd3b0a1f1609744cf17/shapely-2.1.2-cp313-cp313t-musllinux_1_2_aarch64.whl", hash = "sha256:346ec0c1a0fcd32f57f00e4134d1200e14bf3f5ae12af87ba83ca275c502498c", size = 4030760, upload-time = "2025-09-24T13:51:06.455Z" },
    { url = "https://files.pythonhosted.org/packages/96/b3/c6655ee7232b417562bae192ae0d3ceaadb1cc0ffc2088a2ddf415456cc2/shapely-2.1.2-cp313-cp313t-musllinux_1_2_x86_64.whl", hash = "sha256:6305993a35989391bd3476ee538a5c9a845861462327efe00dd11a5c8c709a99", size = 4170078, upload-time = "2025-09-24T13:51:08.584Z" },
    { url = "https://files.pythonhosted.org/packages/a0/8e/605c76808d73503c9333af8f6cbe7e1354d2d238bda5f88eea36bfe0f42a/shapely-2.1.2-cp313-cp313t-win32.whl", hash = "sha256:c8876673449f3401f278c86eb33224c5764582f72b653a415d0e6672fde887bf", size = 1559178, upload-time = "2025-09-24T13:51:10.73Z" },
    { url = "https://files.pythonhosted.org/packages/36/f7/d317eb232352a1f1444d11002d477e54514a4a6045536d49d0c59783c0da/shapely-2.1.2-cp313-cp313t-win_amd64.whl", hash = "sha256:4a44bc62a10d84c11a7a3d7c1c4fe857f7477c3506e24c9062da0db0ae0c449c", size = 1739756, upload-time = "2025-09-24T13:51:12.105Z" },
]
